
Microsoft Visual Studio Solution File, Format Version 12.00
# Visual Studio Version 17
VisualStudioVersion = 17.0.31903.59
MinimumVisualStudioVersion = 10.0.40219.1
Project("{FAE04EC0-301F-11D3-BF4B-00C04F79EFBC}") = "LibaryDataBase", "LibaryDataBase\LibaryDataBase.csproj", "{5A4E7BCE-E91A-44CA-AB27-A0B38D19663B}"
EndProject
Global
	GlobalSection(SolutionConfigurationPlatforms) = preSolution
		Debug|Any CPU = Debug|Any CPU
		Release|Any CPU = Release|Any CPU
	EndGlobalSection
	GlobalSection(SolutionProperties) = preSolution
		HideSolutionNode = FALSE
	EndGlobalSection
	GlobalSection(ProjectConfigurationPlatforms) = postSolution
		{5A4E7BCE-E91A-44CA-AB27-A0B38D19663B}.Debug|Any CPU.ActiveCfg = Debug|Any CPU
		{5A4E7BCE-E91A-44CA-AB27-A0B38D19663B}.Debug|Any CPU.Build.0 = Debug|Any CPU
		{5A4E7BCE-E91A-44CA-AB27-A0B38D19663B}.Release|Any CPU.ActiveCfg = Release|Any CPU
		{5A4E7BCE-E91A-44CA-AB27-A0B38D19663B}.Release|Any CPU.Build.0 = Release|Any CPU
	EndGlobalSection
EndGlobal
